
Microsoft Visual Studio Solution File, Format Version 11.00
# Visual Studio 2010
Project("{FAE04EC0-301F-11D3-BF4B-00C04F79EFBC}") = "VR_Experiment_active_unity_5_3", "Assembly-CSharp.csproj", "{1B7C1F6F-6B5F-4F44-B985-8B142767CF9C}"
EndProject
Project("{FAE04EC0-301F-11D3-BF4B-00C04F79EFBC}") = "VR_Experiment_active_unity_5_3", "Assembly-CSharp-Editor.csproj", "{99829788-8EC3-FC3D-8DAD-FC859326AAE0}"
EndProject
Global
	GlobalSection(SolutionConfigurationPlatforms) = preSolution
		Debug|Any CPU = Debug|Any CPU
		Release|Any CPU = Release|Any CPU
	EndGlobalSection
	GlobalSection(ProjectConfigurationPlatforms) = postSolution
		{1B7C1F6F-6B5F-4F44-B985-8B142767CF9C}.Debug|Any CPU.ActiveCfg = Debug|Any CPU
		{1B7C1F6F-6B5F-4F44-B985-8B142767CF9C}.Debug|Any CPU.Build.0 = Debug|Any CPU
		{1B7C1F6F-6B5F-4F44-B985-8B142767CF9C}.Release|Any CPU.ActiveCfg = Release|Any CPU
		{1B7C1F6F-6B5F-4F44-B985-8B142767CF9C}.Release|Any CPU.Build.0 = Release|Any CPU
		{99829788-8EC3-FC3D-8DAD-FC859326AAE0}.Debug|Any CPU.ActiveCfg = Debug|Any CPU
		{99829788-8EC3-FC3D-8DAD-FC859326AAE0}.Debug|Any CPU.Build.0 = Debug|Any CPU
		{99829788-8EC3-FC3D-8DAD-FC859326AAE0}.Release|Any CPU.ActiveCfg = Release|Any CPU
		{99829788-8EC3-FC3D-8DAD-FC859326AAE0}.Release|Any CPU.Build.0 = Release|Any CPU
	EndGlobalSection
	GlobalSection(SolutionProperties) = preSolution
		HideSolutionNode = FALSE
	EndGlobalSection
	GlobalSection(MonoDevelopProperties) = preSolution
		StartupItem = Assembly-CSharp.csproj
	EndGlobalSection
EndGlobal
